dependencies:
  espressif/sock_utils:
    component_hash: b2e5cafc60dfefd05720ababb9fca0dfe2830fb9d71f97e5336de36a84c591c9
    dependencies:
    - name: idf
      require: private
      version: '>=5.0'
    source:
      registry_url: https://components.espressif.com/
      type: service
    version: 0.2.2
  idf:
    source:
      type: idf
    version: 5.5.0
direct_dependencies:
- espressif/sock_utils
- idf
manifest_hash: 3ed33a9971e90907ed4eafbfd73b7e905013dc11c41c7f7d2b8d6bb523883b57
target: esp32
version: 2.0.0
